// !$*UTF8*$!
{
	archiveVersion = 1;
	classes = {
	};
	objectVersion = 56;
	objects = {

/* Begin PBXBuildFile section */
		327FF99429A86B9F00717BCB /* AppDelegate.swift in Sources */ = {isa = PBXBuildFile; fileRef = 327FF99329A86B9F00717BCB /* AppDelegate.swift */; };
		327FF99629A86B9F00717BCB /* SceneDelegate.swift in Sources */ = {isa = PBXBuildFile; fileRef = 327FF99529A86B9F00717BCB /* SceneDelegate.swift */; };
		327FF99829A86B9F00717BCB /* ViewController.swift in Sources */ = {isa = PBXBuildFile; fileRef = 327FF99729A86B9F00717BCB /* ViewController.swift */; };
		327FF99B29A86B9F00717BCB /* Main.storyboard in Resources */ = {isa = PBXBuildFile; fileRef = 327FF99929A86B9F00717BCB /* Main.storyboard */; };
		327FF99D29A86BA100717BCB /* Assets.xcassets in Resources */ = {isa = PBXBuildFile; fileRef = 327FF99C29A86BA100717BCB /* Assets.xcassets */; };
		327FF9A029A86BA100717BCB /* LaunchScreen.storyboard in Resources */ = {isa = PBXBuildFile; fileRef = 327FF99E29A86BA100717BCB /* LaunchScreen.storyboard */; };
		327FF9AB29A86BA100717BCB /* exercicio__button_action_Tests.swift in Sources */ = {isa = PBXBuildFile; fileRef = 327FF9AA29A86BA100717BCB /* exercicio__button_action_Tests.swift */; };
		327FF9B529A86BA100717BCB /* exercicio__button_action_UITests.swift in Sources */ = {isa = PBXBuildFile; fileRef = 327FF9B429A86BA100717BCB /* exercicio__button_action_UITests.swift */; };
		327FF9B729A86BA100717BCB /* exercicio__button_action_UITestsLaunchTests.swift in Sources */ = {isa = PBXBuildFile; fileRef = 327FF9B629A86BA100717BCB /* exercicio__button_action_UITestsLaunchTests.swift */; };
/* End PBXBuildFile section */

/* Begin PBXContainerItemProxy section */
		327FF9A729A86BA100717BCB /* PBXContainerItemProxy */ = {
			isa = PBXContainerItemProxy;
			containerPortal = 327FF98829A86B9F00717BCB /* Project object */;
			proxyType = 1;
			remoteGlobalIDString = 327FF98F29A86B9F00717BCB;
			remoteInfo = "exercicio (button-action)";
		};
		327FF9B129A86BA100717BCB /* PBXContainerItemProxy */ = {
			isa = PBXContainerItemProxy;
			containerPortal = 327FF98829A86B9F00717BCB /* Project object */;
			proxyType = 1;
			remoteGlobalIDString = 327FF98F29A86B9F00717BCB;
			remoteInfo = "exercicio (button-action)";
		};
/* End PBXContainerItemProxy section */

/* Begin PBXFileReference section */
		327FF99029A86B9F00717BCB /* exercicio (button-action).app */ = {isa = PBXFileReference; explicitFileType = wrapper.application; includeInIndex = 0; path = "exercicio (button-action).app"; sourceTree = BUILT_PRODUCTS_DIR; };
		327FF99329A86B9F00717BCB /* AppDelegate.swift */ = {isa = PBXFileReference; lastKnownFileType = sourcecode.swift; path = AppDelegate.swift; sourceTree = "<group>"; };
		327FF99529A86B9F00717BCB /* SceneDelegate.swift */ = {isa = PBXFileReference; lastKnownFileType = sourcecode.swift; path = SceneDelegate.swift; sourceTree = "<group>"; };
		327FF99729A86B9F00717BCB /* ViewController.swift */ = {isa = PBXFileReference; lastKnownFileType = sourcecode.swift; path = ViewController.swift; sourceTree = "<group>"; };
		327FF99A29A86B9F00717BCB /* Base */ = {isa = PBXFileReference; lastKnownFileType = file.storyboard; name = Base; path = Base.lproj/Main.storyboard; sourceTree = "<group>"; };
		327FF99C29A86BA100717BCB /* Assets.xcassets */ = {isa = PBXFileReference; lastKnownFileType = folder.assetcatalog; path = Assets.xcassets; sourceTree = "<group>"; };
		327FF99F29A86BA100717BCB /* Base */ = {isa = PBXFileReference; lastKnownFileType = file.storyboard; name = Base; path = Base.lproj/LaunchScreen.storyboard; sourceTree = "<group>"; };
		327FF9A129A86BA100717BCB /* Info.plist */ = {isa = PBXFileReference; lastKnownFileType = text.plist.xml; path = Info.plist; sourceTree = "<group>"; };
		327FF9A629A86BA100717BCB /* exercicio (button-action)Tests.xctest */ = {isa = PBXFileReference; explicitFileType = wrapper.cfbundle; includeInIndex = 0; path = "exercicio (button-action)Tests.xctest"; sourceTree = BUILT_PRODUCTS_DIR; };
		327FF9AA29A86BA100717BCB /* exercicio__button_action_Tests.swift */ = {isa = PBXFileReference; lastKnownFileType = sourcecode.swift; path = exercicio__button_action_Tests.swift; sourceTree = "<group>"; };
		327FF9B029A86BA100717BCB /* exercicio (button-action)UITests.xctest */ = {isa = PBXFileReference; explicitFileType = wrapper.cfbundle; includeInIndex = 0; path = "exercicio (button-action)UITests.xctest"; sourceTree = BUILT_PRODUCTS_DIR; };
		327FF9B429A86BA100717BCB /* exercicio__button_action_UITests.swift */ = {isa = PBXFileReference; lastKnownFileType = sourcecode.swift; path = exercicio__button_action_UITests.swift; sourceTree = "<group>"; };
		327FF9B629A86BA100717BCB /* exercicio__button_action_UITestsLaunchTests.swift */ = {isa = PBXFileReference; lastKnownFileType = sourcecode.swift; path = exercicio__button_action_UITestsLaunchTests.swift; sourceTree = "<group>"; };
/* End PBXFileReference section */

/* Begin PBXFrameworksBuildPhase section */
		327FF98D29A86B9F00717BCB /* Frameworks */ = {
			isa = PBXFrameworksBuildPhase;
			buildActionMask = 2147483647;
			files = (
			);
			runOnlyForDeploymentPostprocessing = 0;
		};
		327FF9A329A86BA100717BCB /* Frameworks */ = {
			isa = PBXFrameworksBuildPhase;
			buildActionMask = 2147483647;
			files = (
			);
			runOnlyForDeploymentPostprocessing = 0;
		};
		327FF9AD29A86BA100717BCB /* Frameworks */ = {
			isa = PBXFrameworksBuildPhase;
			buildActionMask = 2147483647;
			files = (
			);
			runOnlyForDeploymentPostprocessing = 0;
		};
/* End PBXFrameworksBuildPhase section */

/* Begin PBXGroup section */
		327FF98729A86B9F00717BCB = {
			isa = PBXGroup;
			children = (
				327FF99229A86B9F00717BCB /* exercicio (button-action) */,
				327FF9A929A86BA100717BCB /* exercicio (button-action)Tests */,
				327FF9B329A86BA100717BCB /* exercicio (button-action)UITests */,
				327FF99129A86B9F00717BCB /* Products */,
			);
			sourceTree = "<group>";
		};
		327FF99129A86B9F00717BCB /* Products */ = {
			isa = PBXGroup;
			children = (
				327FF99029A86B9F00717BCB /* exercicio (button-action).app */,
				327FF9A629A86BA100717BCB /* exercicio (button-action)Tests.xctest */,
				327FF9B029A86BA100717BCB /* exercicio (button-action)UITests.xctest */,
			);
			name = Products;
			sourceTree = "<group>";
		};
		327FF99229A86B9F00717BCB /* exercicio (button-action) */ = {
			isa = PBXGroup;
			children = (
				327FF99329A86B9F00717BCB /* AppDelegate.swift */,
				327FF99529A86B9F00717BCB /* SceneDelegate.swift */,
				327FF99729A86B9F00717BCB /* ViewController.swift */,
				327FF99929A86B9F00717BCB /* Main.storyboard */,
				327FF99C29A86BA100717BCB /* Assets.xcassets */,
				327FF99E29A86BA100717BCB /* LaunchScreen.storyboard */,
				327FF9A129A86BA100717BCB /* Info.plist */,
			);
			path = "exercicio (button-action)";
			sourceTree = "<group>";
		};
		327FF9A929A86BA100717BCB /* exercicio (button-action)Tests */ = {
			isa = PBXGroup;
			children = (
				327FF9AA29A86BA100717BCB /* exercicio__button_action_Tests.swift */,
			);
			path = "exercicio (button-action)Tests";
			sourceTree = "<group>";
		};
		327FF9B329A86BA100717BCB /* exercicio (button-action)UITests */ = {
			isa = PBXGroup;
			children = (
				327FF9B429A86BA100717BCB /* exercicio__button_action_UITests.swift */,
				327FF9B629A86BA100717BCB /* exercicio__button_action_UITestsLaunchTests.swift */,
			);
			path = "exercicio (button-action)UITests";
			sourceTree = "<group>";
		};
/* End PBXGroup section */

/* Begin PBXNativeTarget section */
		327FF98F29A86B9F00717BCB /* exercicio (button-action) */ = {
			isa = PBXNativeTarget;
			buildConfigurationList = 327FF9BA29A86BA100717BCB /* Build configuration list for PBXNativeTarget "exercicio (button-action)" */;
			buildPhases = (
				327FF98C29A86B9F00717BCB /* Sources */,
				327FF98D29A86B9F00717BCB /* Frameworks */,
				327FF98E29A86B9F00717BCB /* Resources */,
			);
			buildRules = (
			);
			dependencies = (
			);
			name = "exercicio (button-action)";
			productName = "exercicio (button-action)";
			productReference = 327FF99029A86B9F00717BCB /* exercicio (button-action).app */;
			productType = "com.apple.product-type.application";
		};
		327FF9A529A86BA100717BCB /* exercicio (button-action)Tests */ = {
			isa = PBXNativeTarget;
			buildConfigurationList = 327FF9BD29A86BA100717BCB /* Build configuration list for PBXNativeTarget "exercicio (button-action)Tests" */;
			buildPhases = (
				327FF9A229A86BA100717BCB /* Sources */,
				327FF9A329A86BA100717BCB /* Frameworks */,
				327FF9A429A86BA100717BCB /* Resources */,
			);
			buildRules = (
			);
			dependencies = (
				327FF9A829A86BA100717BCB /* PBXTargetDependency */,
			);
			name = "exercicio (button-action)Tests";
			productName = "exercicio (button-action)Tests";
			productReference = 327FF9A629A86BA100717BCB /* exercicio (button-action)Tests.xctest */;
			productType = "com.apple.product-type.bundle.unit-test";
		};
		327FF9AF29A86BA100717BCB /* exercicio (button-action)UITests */ = {
			isa = PBXNativeTarget;
			buildConfigurationList = 327FF9C029A86BA100717BCB /* Build configuration list for PBXNativeTarget "exercicio (button-action)UITests" */;
			buildPhases = (
				327FF9AC29A86BA100717BCB /* Sources */,
				327FF9AD29A86BA100717BCB /* Frameworks */,
				327FF9AE29A86BA100717BCB /* Resources */,
			);
			buildRules = (
			);
			dependencies = (
				327FF9B229A86BA100717BCB /* PBXTargetDependency */,
			);
			name = "exercicio (button-action)UITests";
			productName = "exercicio (button-action)UITests";
			productReference = 327FF9B029A86BA100717BCB /* exercicio (button-action)UITests.xctest */;
			productType = "com.apple.product-type.bundle.ui-testing";
		};
/* End PBXNativeTarget section */

/* Begin PBXProject section */
		327FF98829A86B9F00717BCB /* Project object */ = {
			isa = PBXProject;
			attributes = {
				BuildIndependentTargetsInParallel = 1;
				LastSwiftUpdateCheck = 1420;
				LastUpgradeCheck = 1420;
				TargetAttributes = {
					327FF98F29A86B9F00717BCB = {
						CreatedOnToolsVersion = 14.2;
					};
					327FF9A529A86BA100717BCB = {
						CreatedOnToolsVersion = 14.2;
						TestTargetID = 327FF98F29A86B9F00717BCB;
					};
					327FF9AF29A86BA100717BCB = {
						CreatedOnToolsVersion = 14.2;
						TestTargetID = 327FF98F29A86B9F00717BCB;
					};
				};
			};
			buildConfigurationList = 327FF98B29A86B9F00717BCB /* Build configuration list for PBXProject "exercicio (button-action)" */;
			compatibilityVersion = "Xcode 14.0";
			developmentRegion = en;
			hasScannedForEncodings = 0;
			knownRegions = (
				en,
				Base,
			);
			mainGroup = 327FF98729A86B9F00717BCB;
			productRefGroup = 327FF99129A86B9F00717BCB /* Products */;
			projectDirPath = "";
			projectRoot = "";
			targets = (
				327FF98F29A86B9F00717BCB /* exercicio (button-action) */,
				327FF9A529A86BA100717BCB /* exercicio (button-action)Tests */,
				327FF9AF29A86BA100717BCB /* exercicio (button-action)UITests */,
			);
		};
/* End PBXProject section */

/* Begin PBXResourcesBuildPhase section */
		327FF98E29A86B9F00717BCB /* Resources */ = {
			isa = PBXResourcesBuildPhase;
			buildActionMask = 2147483647;
			files = (
				327FF9A029A86BA100717BCB /* LaunchScreen.storyboard in Resources */,
				327FF99D29A86BA100717BCB /* Assets.xcassets in Resources */,
				327FF99B29A86B9F00717BCB /* Main.storyboard in Resources */,
			);
			runOnlyForDeploymentPostprocessing = 0;
		};
		327FF9A429A86BA100717BCB /* Resources */ = {
			isa = PBXResourcesBuildPhase;
			buildActionMask = 2147483647;
			files = (
			);
			runOnlyForDeploymentPostprocessing = 0;
		};
		327FF9AE29A86BA100717BCB /* Resources */ = {
			isa = PBXResourcesBuildPhase;
			buildActionMask = 2147483647;
			files = (
			);
			runOnlyForDeploymentPostprocessing = 0;
		};
/* End PBXResourcesBuildPhase section */

/* Begin PBXSourcesBuildPhase section */
		327FF98C29A86B9F00717BCB /* Sources */ = {
			isa = PBXSourcesBuildPhase;
			buildActionMask = 2147483647;
			files = (
				327FF99829A86B9F00717BCB /* ViewController.swift in Sources */,
				327FF99429A86B9F00717BCB /* AppDelegate.swift in Sources */,
				327FF99629A86B9F00717BCB /* SceneDelegate.swift in Sources */,
			);
			runOnlyForDeploymentPostprocessing = 0;
		};
		327FF9A229A86BA100717BCB /* Sources */ = {
			isa = PBXSourcesBuildPhase;
			buildActionMask = 2147483647;
			files = (
				327FF9AB29A86BA100717BCB /* exercicio__button_action_Tests.swift in Sources */,
			);
			runOnlyForDeploymentPostprocessing = 0;
		};
		327FF9AC29A86BA100717BCB /* Sources */ = {
			isa = PBXSourcesBuildPhase;
			buildActionMask = 2147483647;
			files = (
				327FF9B729A86BA100717BCB /* exercicio__button_action_UITestsLaunchTests.swift in Sources */,
				327FF9B529A86BA100717BCB /* exercicio__button_action_UITests.swift in Sources */,
			);
			runOnlyForDeploymentPostprocessing = 0;
		};
/* End PBXSourcesBuildPhase section */

/* Begin PBXTargetDependency section */
		327FF9A829A86BA100717BCB /* PBXTargetDependency */ = {
			isa = PBXTargetDependency;
			target = 327FF98F29A86B9F00717BCB /* exercicio (button-action) */;
			targetProxy = 327FF9A729A86BA100717BCB /* PBXContainerItemProxy */;
		};
		327FF9B229A86BA100717BCB /* PBXTargetDependency */ = {
			isa = PBXTargetDependency;
			target = 327FF98F29A86B9F00717BCB /* exercicio (button-action) */;
			targetProxy = 327FF9B129A86BA100717BCB /* PBXContainerItemProxy */;
		};
/* End PBXTargetDependency section */

/* Begin PBXVariantGroup section */
		327FF99929A86B9F00717BCB /* Main.storyboard */ = {
			isa = PBXVariantGroup;
			children = (
				327FF99A29A86B9F00717BCB /* Base */,
			);
			name = Main.storyboard;
			sourceTree = "<group>";
		};
		327FF99E29A86BA100717BCB /* LaunchScreen.storyboard */ = {
			isa = PBXVariantGroup;
			children = (
				327FF99F29A86BA100717BCB /* Base */,
			);
			name = LaunchScreen.storyboard;
			sourceTree = "<group>";
		};
/* End PBXVariantGroup section */

/* Begin XCBuildConfiguration section */
		327FF9B829A86BA100717BCB /* Debug */ = {
			isa = XCBuildConfiguration;
			buildSettings = {
				ALWAYS_SEARCH_USER_PATHS = NO;
				CLANG_ANALYZER_NONNULL = YES;
				CLANG_ANALYZER_NUMBER_OBJECT_CONVERSION = YES_AGGRESSIVE;
				CLANG_CXX_LANGUAGE_STANDARD = "gnu++20";
				CLANG_ENABLE_MODULES = YES;
				CLANG_ENABLE_OBJC_ARC = YES;
				CLANG_ENABLE_OBJC_WEAK = YES;
				CLANG_WARN_BLOCK_CAPTURE_AUTORELEASING = YES;
				CLANG_WARN_BOOL_CONVERSION = YES;
				CLANG_WARN_COMMA = YES;
				CLANG_WARN_CONSTANT_CONVERSION = YES;
				CLANG_WARN_DEPRECATED_OBJC_IMPLEMENTATIONS = YES;
				CLANG_WARN_DIRECT_OBJC_ISA_USAGE = YES_ERROR;
				CLANG_WARN_DOCUMENTATION_COMMENTS = YES;
				CLANG_WARN_EMPTY_BODY = YES;
				CLANG_WARN_ENUM_CONVERSION = YES;
				CLANG_WARN_INFINITE_RECURSION = YES;
				CLANG_WARN_INT_CONVERSION = YES;
				CLANG_WARN_NON_LITERAL_NULL_CONVERSION = YES;
				CLANG_WARN_OBJC_IMPLICIT_RETAIN_SELF = YES;
				CLANG_WARN_OBJC_LITERAL_CONVERSION = YES;
				CLANG_WARN_OBJC_ROOT_CLASS = YES_ERROR;
				CLANG_WARN_QUOTED_INCLUDE_IN_FRAMEWORK_HEADER = YES;
				CLANG_WARN_RANGE_LOOP_ANALYSIS = YES;
				CLANG_WARN_STRICT_PROTOTYPES = YES;
				CLANG_WARN_SUSPICIOUS_MOVE = YES;
				CLANG_WARN_UNGUARDED_AVAILABILITY = YES_AGGRESSIVE;
				CLANG_WARN_UNREACHABLE_CODE = YES;
				CLANG_WARN__DUPLICATE_METHOD_MATCH = YES;
				COPY_PHASE_STRIP = NO;
				DEBUG_INFORMATION_FORMAT = dwarf;
				ENABLE_STRICT_OBJC_MSGSEND = YES;
				ENABLE_TESTABILITY = YES;
				GCC_C_LANGUAGE_STANDARD = gnu11;
				GCC_DYNAMIC_NO_PIC = NO;
				GCC_NO_COMMON_BLOCKS = YES;
				GCC_OPTIMIZATION_LEVEL = 0;
				GCC_PREPROCESSOR_DEFINITIONS = (
					"DEBUG=1",
					"$(inherited)",
				);
				GCC_WARN_64_TO_32_BIT_CONVERSION = YES;
				GCC_WARN_ABOUT_RETURN_TYPE = YES_ERROR;
				GCC_WARN_UNDECLARED_SELECTOR = YES;
				GCC_WARN_UNINITIALIZED_AUTOS = YES_AGGRESSIVE;
				GCC_WARN_UNUSED_FUNCTION = YES;
				GCC_WARN_UNUSED_VARIABLE = YES;
				IPHONEOS_DEPLOYMENT_TARGET = 16.2;
				MTL_ENABLE_DEBUG_INFO = INCLUDE_SOURCE;
				MTL_FAST_MATH = YES;
				ONLY_ACTIVE_ARCH = YES;
				SDKROOT = iphoneos;
				SWIFT_ACTIVE_COMPILATION_CONDITIONS = DEBUG;
				SWIFT_OPTIMIZATION_LEVEL = "-Onone";
			};
			name = Debug;
		};
		327FF9B929A86BA100717BCB /* Release */ = {
			isa = XCBuildConfiguration;
			buildSettings = {
				ALWAYS_SEARCH_USER_PATHS = NO;
				CLANG_ANALYZER_NONNULL = YES;
				CLANG_ANALYZER_NUMBER_OBJECT_CONVERSION = YES_AGGRESSIVE;
				CLANG_CXX_LANGUAGE_STANDARD = "gnu++20";
				CLANG_ENABLE_MODULES = YES;
				CLANG_ENABLE_OBJC_ARC = YES;
				CLANG_ENABLE_OBJC_WEAK = YES;
				CLANG_WARN_BLOCK_CAPTURE_AUTORELEASING = YES;
				CLANG_WARN_BOOL_CONVERSION = YES;
				CLANG_WARN_COMMA = YES;
				CLANG_WARN_CONSTANT_CONVERSION = YES;
				CLANG_WARN_DEPRECATED_OBJC_IMPLEMENTATIONS = YES;
				CLANG_WARN_DIRECT_OBJC_ISA_USAGE = YES_ERROR;
				CLANG_WARN_DOCUMENTATION_COMMENTS = YES;
				CLANG_WARN_EMPTY_BODY = YES;
				CLANG_WARN_ENUM_CONVERSION = YES;
				CLANG_WARN_INFINITE_RECURSION = YES;
				CLANG_WARN_INT_CONVERSION = YES;
				CLANG_WARN_NON_LITERAL_NULL_CONVERSION = YES;
				CLANG_WARN_OBJC_IMPLICIT_RETAIN_SELF = YES;
				CLANG_WARN_OBJC_LITERAL_CONVERSION = YES;
				CLANG_WARN_OBJC_ROOT_CLASS = YES_ERROR;
				CLANG_WARN_QUOTED_INCLUDE_IN_FRAMEWORK_HEADER = YES;
				CLANG_WARN_RANGE_LOOP_ANALYSIS = YES;
				CLANG_WARN_STRICT_PROTOTYPES = YES;
				CLANG_WARN_SUSPICIOUS_MOVE = YES;
				CLANG_WARN_UNGUARDED_AVAILABILITY = YES_AGGRESSIVE;
				CLANG_WARN_UNREACHABLE_CODE = YES;
				CLANG_WARN__DUPLICATE_METHOD_MATCH = YES;
				COPY_PHASE_STRIP = NO;
				DEBUG_INFORMATION_FORMAT = "dwarf-with-dsym";
				ENABLE_NS_ASSERTIONS = NO;
				ENABLE_STRICT_OBJC_MSGSEND = YES;
				GCC_C_LANGUAGE_STANDARD = gnu11;
				GCC_NO_COMMON_BLOCKS = YES;
				GCC_WARN_64_TO_32_BIT_CONVERSION = YES;
				GCC_WARN_ABOUT_RETURN_TYPE = YES_ERROR;
				GCC_WARN_UNDECLARED_SELECTOR = YES;
				GCC_WARN_UNINITIALIZED_AUTOS = YES_AGGRESSIVE;
				GCC_WARN_UNUSED_FUNCTION = YES;
				GCC_WARN_UNUSED_VARIABLE = YES;
				IPHONEOS_DEPLOYMENT_TARGET = 16.2;
				MTL_ENABLE_DEBUG_INFO = NO;
				MTL_FAST_MATH = YES;
				SDKROOT = iphoneos;
				SWIFT_COMPILATION_MODE = wholemodule;
				SWIFT_OPTIMIZATION_LEVEL = "-O";
				VALIDATE_PRODUCT = YES;
			};
			name = Release;
		};
		327FF9BB29A86BA100717BCB /* Debug */ = {
			isa = XCBuildConfiguration;
			buildSettings = {
				ASSETCATALOG_COMPILER_APPICON_NAME = AppIcon;
				ASSETCATALOG_COMPILER_GLOBAL_ACCENT_COLOR_NAME = AccentColor;
				CODE_SIGN_STYLE = Automatic;
				CURRENT_PROJECT_VERSION = 1;
				GENERATE_INFOPLIST_FILE = YES;
				INFOPLIST_FILE = "exercicio (button-action)/Info.plist";
				INFOPLIST_KEY_UIApplicationSupportsIndirectInputEvents = YES;
				INFOPLIST_KEY_UILaunchStoryboardName = LaunchScreen;
				INFOPLIST_KEY_UIMainStoryboardFile = Main;
				INFOPLIST_KEY_UISupportedInterfaceOrientations_iPad = "UIInterfaceOrientationPortrait UIInterfaceOrientationPortraitUpsideDown UIInterfaceOrientationLandscapeLeft UIInterfaceOrientationLandscapeRight";
				INFOPLIST_KEY_UISupportedInterfaceOrientations_iPhone = "UIInterfaceOrientationPortrait UIInterfaceOrientationLandscapeLeft UIInterfaceOrientationLandscapeRight";
				LD_RUNPATH_SEARCH_PATHS = (
					"$(inherited)",
					"@executable_path/Frameworks",
				);
				MARKETING_VERSION = 1.0;
				PRODUCT_BUNDLE_IDENTIFIER = "button.exercicio--button-action-";
				PRODUCT_NAME = "$(TARGET_NAME)";
				SWIFT_EMIT_LOC_STRINGS = YES;
				SWIFT_VERSION = 5.0;
				TARGETED_DEVICE_FAMILY = "1,2";
			};
			name = Debug;
		};
		327FF9BC29A86BA100717BCB /* Release */ = {
			isa = XCBuildConfiguration;
			buildSettings = {
				ASSETCATALOG_COMPILER_APPICON_NAME = AppIcon;
				ASSETCATALOG_COMPILER_GLOBAL_ACCENT_COLOR_NAME = AccentColor;
				CODE_SIGN_STYLE = Automatic;
				CURRENT_PROJECT_VERSION = 1;
				GENERATE_INFOPLIST_FILE = YES;
				INFOPLIST_FILE = "exercicio (button-action)/Info.plist";
				INFOPLIST_KEY_UIApplicationSupportsIndirectInputEvents = YES;
				INFOPLIST_KEY_UILaunchStoryboardName = LaunchScreen;
				INFOPLIST_KEY_UIMainStoryboardFile = Main;
				INFOPLIST_KEY_UISupportedInterfaceOrientations_iPad = "UIInterfaceOrientationPortrait UIInterfaceOrientationPortraitUpsideDown UIInterfaceOrientationLandscapeLeft UIInterfaceOrientationLandscapeRight";
				INFOPLIST_KEY_UISupportedInterfaceOrientations_iPhone = "UIInterfaceOrientationPortrait UIInterfaceOrientationLandscapeLeft UIInterfaceOrientationLandscapeRight";
				LD_RUNPATH_SEARCH_PATHS = (
					"$(inherited)",
					"@executable_path/Frameworks",
				);
				MARKETING_VERSION = 1.0;
				PRODUCT_BUNDLE_IDENTIFIER = "button.exercicio--button-action-";
				PRODUCT_NAME = "$(TARGET_NAME)";
				SWIFT_EMIT_LOC_STRINGS = YES;
				SWIFT_VERSION = 5.0;
				TARGETED_DEVICE_FAMILY = "1,2";
			};
			name = Release;
		};
		327FF9BE29A86BA100717BCB /* Debug */ = {
			isa = XCBuildConfiguration;
			buildSettings = {
				ALWAYS_EMBED_SWIFT_STANDARD_LIBRARIES = YES;
				BUNDLE_LOADER = "$(TEST_HOST)";
				CODE_SIGN_STYLE = Automatic;
				CURRENT_PROJECT_VERSION = 1;
				GENERATE_INFOPLIST_FILE = YES;
				IPHONEOS_DEPLOYMENT_TARGET = 16.2;
				MARKETING_VERSION = 1.0;
				PRODUCT_BUNDLE_IDENTIFIER = "button.exercicio--button-action-Tests";
				PRODUCT_NAME = "$(TARGET_NAME)";
				SWIFT_EMIT_LOC_STRINGS = NO;
				SWIFT_VERSION = 5.0;
				TARGETED_DEVICE_FAMILY = "1,2";
				TEST_HOST = "$(BUILT_PRODUCTS_DIR)/exercicio (button-action).app/$(BUNDLE_EXECUTABLE_FOLDER_PATH)/exercicio (button-action)";
			};
			name = Debug;
		};
		327FF9BF29A86BA100717BCB /* Release */ = {
			isa = XCBuildConfiguration;
			buildSettings = {
				ALWAYS_EMBED_SWIFT_STANDARD_LIBRARIES = YES;
				BUNDLE_LOADER = "$(TEST_HOST)";
				CODE_SIGN_STYLE = Automatic;
				CURRENT_PROJECT_VERSION = 1;
				GENERATE_INFOPLIST_FILE = YES;
				IPHONEOS_DEPLOYMENT_TARGET = 16.2;
				MARKETING_VERSION = 1.0;
				PRODUCT_BUNDLE_IDENTIFIER = "button.exercicio--button-action-Tests";
				PRODUCT_NAME = "$(TARGET_NAME)";
				SWIFT_EMIT_LOC_STRINGS = NO;
				SWIFT_VERSION = 5.0;
				TARGETED_DEVICE_FAMILY = "1,2";
				TEST_HOST = "$(BUILT_PRODUCTS_DIR)/exercicio (button-action).app/$(BUNDLE_EXECUTABLE_FOLDER_PATH)/exercicio (button-action)";
			};
			name = Release;
		};
		327FF9C129A86BA100717BCB /* Debug */ = {
			isa = XCBuildConfiguration;
			buildSettings = {
				ALWAYS_EMBED_SWIFT_STANDARD_LIBRARIES = YES;
				CODE_SIGN_STYLE = Automatic;
				CURRENT_PROJECT_VERSION = 1;
				GENERATE_INFOPLIST_FILE = YES;
				MARKETING_VERSION = 1.0;
				PRODUCT_BUNDLE_IDENTIFIER = "button.exercicio--button-action-UITests";
				PRODUCT_NAME = "$(TARGET_NAME)";
				SWIFT_EMIT_LOC_STRINGS = NO;
				SWIFT_VERSION = 5.0;
				TARGETED_DEVICE_FAMILY = "1,2";
				TEST_TARGET_NAME = "exercicio (button-action)";
			};
			name = Debug;
		};
		327FF9C229A86BA100717BCB /* Release */ = {
			isa = XCBuildConfiguration;
			buildSettings = {
				ALWAYS_EMBED_SWIFT_STANDARD_LIBRARIES = YES;
				CODE_SIGN_STYLE = Automatic;
				CURRENT_PROJECT_VERSION = 1;
				GENERATE_INFOPLIST_FILE = YES;
				MARKETING_VERSION = 1.0;
				PRODUCT_BUNDLE_IDENTIFIER = "button.exercicio--button-action-UITests";
				PRODUCT_NAME = "$(TARGET_NAME)";
				SWIFT_EMIT_LOC_STRINGS = NO;
				SWIFT_VERSION = 5.0;
				TARGETED_DEVICE_FAMILY = "1,2";
				TEST_TARGET_NAME = "exercicio (button-action)";
			};
			name = Release;
		};
/* End XCBuildConfiguration section */

/* Begin XCConfigurationList section */
		327FF98B29A86B9F00717BCB /* Build configuration list for PBXProject "exercicio (button-action)" */ = {
			isa = XCConfigurationList;
			buildConfigurations = (
				327FF9B829A86BA100717BCB /* Debug */,
				327FF9B929A86BA100717BCB /* Release */,
			);
			defaultConfigurationIsVisible = 0;
			defaultConfigurationName = Release;
		};
		327FF9BA29A86BA100717BCB /* Build configuration list for PBXNativeTarget "exercicio (button-action)" */ = {
			isa = XCConfigurationList;
			buildConfigurations = (
				327FF9BB29A86BA100717BCB /* Debug */,
				327FF9BC29A86BA100717BCB /* Release */,
			);
			defaultConfigurationIsVisible = 0;
			defaultConfigurationName = Release;
		};
		327FF9BD29A86BA100717BCB /* Build configuration list for PBXNativeTarget "exercicio (button-action)Tests" */ = {
			isa = XCConfigurationList;
			buildConfigurations = (
				327FF9BE29A86BA100717BCB /* Debug */,
				327FF9BF29A86BA100717BCB /* Release */,
			);
			defaultConfigurationIsVisible = 0;
			defaultConfigurationName = Release;
		};
		327FF9C029A86BA100717BCB /* Build configuration list for PBXNativeTarget "exercicio (button-action)UITests" */ = {
			isa = XCConfigurationList;
			buildConfigurations = (
				327FF9C129A86BA100717BCB /* Debug */,
				327FF9C229A86BA100717BCB /* Release */,
			);
			defaultConfigurationIsVisible = 0;
			defaultConfigurationName = Release;
		};
/* End XCConfigurationList section */
	};
	rootObject = 327FF98829A86B9F00717BCB /* Project object */;
}
